// !$*UTF8*$!
{
	archiveVersion = 1;
	classes = {
	};
	objectVersion = 46;
	objects = {

/* Begin PBXBuildFile section */
		38BF9D1B17393B320048E236 /* UIKit.framework in Frameworks */ = {isa = PBXBuildFile; fileRef = 38BF9D1A17393B320048E236 /* UIKit.framework */; };
		38BF9D1D17393B320048E236 /* Foundation.framework in Frameworks */ = {isa = PBXBuildFile; fileRef = 38BF9D1C17393B320048E236 /* Foundation.framework */; };
		38BF9D1F17393B320048E236 /* CoreGraphics.framework in Frameworks */ = {isa = PBXBuildFile; fileRef = 38BF9D1E17393B320048E236 /* CoreGraphics.framework */; };
		38BF9D2517393B320048E236 /* InfoPlist.strings in Resources */ = {isa = PBXBuildFile; fileRef = 38BF9D2317393B320048E236 /* InfoPlist.strings */; };
		38BF9D2717393B320048E236 /* main.m in Sources */ = {isa = PBXBuildFile; fileRef = 38BF9D2617393B320048E236 /* main.m */; };
		38BF9D2B17393B320048E236 /* AppDelegate.m in Sources */ = {isa = PBXBuildFile; fileRef = 38BF9D2A17393B320048E236 /* AppDelegate.m */; };
		38BF9D2D17393B320048E236 /* Default.png in Resources */ = {isa = PBXBuildFile; fileRef = 38BF9D2C17393B320048E236 /* Default.png */; };
		38BF9D2F17393B320048E236 /* Default@2x.png in Resources */ = {isa = PBXBuildFile; fileRef = 38BF9D2E17393B320048E236 /* Default@2x.png */; };
		38BF9D3117393B320048E236 /* Default-568h@2x.png in Resources */ = {isa = PBXBuildFile; fileRef = 38BF9D3017393B320048E236 /* Default-568h@2x.png */; };
		38BF9D3417393B320048E236 /* ViewController.m in Sources */ = {isa = PBXBuildFile; fileRef = 38BF9D3317393B320048E236 /* ViewController.m */; };
		38BF9D3717393B320048E236 /* ViewController.xib in Resources */ = {isa = PBXBuildFile; fileRef = 38BF9D3517393B320048E236 /* ViewController.xib */; };
		38BF9D4B17393E1D0048E236 /* MCSlideMedia.m in Sources */ = {isa = PBXBuildFile; fileRef = 38BF9D4817393E1D0048E236 /* MCSlideMedia.m */; };
		38BF9D4C17393E1D0048E236 /* MCSlideViewController.m in Sources */ = {isa = PBXBuildFile; fileRef = 38BF9D4A17393E1D0048E236 /* MCSlideViewController.m */; };
		38BF9D5117393E540048E236 /* MCSlidePhotoView.m in Sources */ = {isa = PBXBuildFile; fileRef = 38BF9D5017393E540048E236 /* MCSlidePhotoView.m */; };
		38BF9D5417393E6B0048E236 /* MCSlideAudioView.m in Sources */ = {isa = PBXBuildFile; fileRef = 38BF9D5317393E6B0048E236 /* MCSlideAudioView.m */; };
		38BF9D5717393E790048E236 /* MCSlideVideoView.m in Sources */ = {isa = PBXBuildFile; fileRef = 38BF9D5617393E790048E236 /* MCSlideVideoView.m */; };
		38BF9D5A1739435D0048E236 /* MCSlideBaseView.m in Sources */ = {isa = PBXBuildFile; fileRef = 38BF9D591739435D0048E236 /* MCSlideBaseView.m */; };
		38BF9D5F1739457D0048E236 /* MCSlideDefines.m in Sources */ = {isa = PBXBuildFile; fileRef = 38BF9D5E1739457D0048E236 /* MCSlideDefines.m */; };
		38BF9D631739488F0048E236 /* MCSlideControlView.m in Sources */ = {isa = PBXBuildFile; fileRef = 38BF9D621739488F0048E236 /* MCSlideControlView.m */; };
		38BF9D6617394ED70048E236 /* MediaPlayer.framework in Frameworks */ = {isa = PBXBuildFile; fileRef = 38BF9D6517394ED70048E236 /* MediaPlayer.framework */; };
		38BF9D6817394F010048E236 /* AVFoundation.framework in Frameworks */ = {isa = PBXBuildFile; fileRef = 38BF9D6717394F010048E236 /* AVFoundation.framework */; };
		38BF9D6B173950690048E236 /* MCSlidePagingView.m in Sources */ = {isa = PBXBuildFile; fileRef = 38BF9D6A173950690048E236 /* MCSlidePagingView.m */; };
		38BF9D6E173952CE0048E236 /* MCSlideMoviePlayerViewController.m in Sources */ = {isa = PBXBuildFile; fileRef = 38BF9D6D173952CE0048E236 /* MCSlideMoviePlayerViewController.m */; };
/* End PBXBuildFile section */

/* Begin PBXFileReference section */
		38BF9D1717393B320048E236 /* MCSlideGallery Demo.app */ = {isa = PBXFileReference; explicitFileType = wrapper.application; includeInIndex = 0; path = "MCSlideGallery Demo.app"; sourceTree = BUILT_PRODUCTS_DIR; };
		38BF9D1A17393B320048E236 /* UIKit.framework */ = {isa = PBXFileReference; lastKnownFileType = wrapper.framework; name = UIKit.framework; path = System/Library/Frameworks/UIKit.framework; sourceTree = SDKROOT; };
		38BF9D1C17393B320048E236 /* Foundation.framework */ = {isa = PBXFileReference; lastKnownFileType = wrapper.framework; name = Foundation.framework; path = System/Library/Frameworks/Foundation.framework; sourceTree = SDKROOT; };
		38BF9D1E17393B320048E236 /* CoreGraphics.framework */ = {isa = PBXFileReference; lastKnownFileType = wrapper.framework; name = CoreGraphics.framework; path = System/Library/Frameworks/CoreGraphics.framework; sourceTree = SDKROOT; };
		38BF9D2217393B320048E236 /* MCSlideGallery Demo-Info.plist */ = {isa = PBXFileReference; lastKnownFileType = text.plist.xml; path = "MCSlideGallery Demo-Info.plist"; sourceTree = "<group>"; };
		38BF9D2417393B320048E236 /* en */ = {isa = PBXFileReference; lastKnownFileType = text.plist.strings; name = en; path = en.lproj/InfoPlist.strings; sourceTree = "<group>"; };
		38BF9D2617393B320048E236 /* main.m */ = {isa = PBXFileReference; lastKnownFileType = sourcecode.c.objc; path = main.m; sourceTree = "<group>"; };
		38BF9D2817393B320048E236 /* MCSlideGallery Demo-Prefix.pch */ = {isa = PBXFileReference; lastKnownFileType = sourcecode.c.h; path = "MCSlideGallery Demo-Prefix.pch"; sourceTree = "<group>"; };
		38BF9D2917393B320048E236 /* AppDelegate.h */ = {isa = PBXFileReference; lastKnownFileType = sourcecode.c.h; path = AppDelegate.h; sourceTree = "<group>"; };
		38BF9D2A17393B320048E236 /* AppDelegate.m */ = {isa = PBXFileReference; lastKnownFileType = sourcecode.c.objc; path = AppDelegate.m; sourceTree = "<group>"; };
		38BF9D2C17393B320048E236 /* Default.png */ = {isa = PBXFileReference; lastKnownFileType = image.png; path = Default.png; sourceTree = "<group>"; };
		38BF9D2E17393B320048E236 /* Default@2x.png */ = {isa = PBXFileReference; lastKnownFileType = image.png; path = "Default@2x.png"; sourceTree = "<group>"; };
		38BF9D3017393B320048E236 /* Default-568h@2x.png */ = {isa = PBXFileReference; lastKnownFileType = image.png; path = "Default-568h@2x.png"; sourceTree = "<group>"; };
		38BF9D3217393B320048E236 /* ViewController.h */ = {isa = PBXFileReference; lastKnownFileType = sourcecode.c.h; path = ViewController.h; sourceTree = "<group>"; };
		38BF9D3317393B320048E236 /* ViewController.m */ = {isa = PBXFileReference; lastKnownFileType = sourcecode.c.objc; path = ViewController.m; sourceTree = "<group>"; };
		38BF9D3617393B320048E236 /* en */ = {isa = PBXFileReference; lastKnownFileType = file.xib; name = en; path = en.lproj/ViewController.xib; sourceTree = "<group>"; };
		38BF9D4717393E1D0048E236 /* MCSlideMedia.h */ = {isa = PBXFileReference; fileEncoding = 4; lastKnownFileType = sourcecode.c.h; path = MCSlideMedia.h; sourceTree = "<group>"; };
		38BF9D4817393E1D0048E236 /* MCSlideMedia.m */ = {isa = PBXFileReference; fileEncoding = 4; lastKnownFileType = sourcecode.c.objc; path = MCSlideMedia.m; sourceTree = "<group>"; };
		38BF9D4917393E1D0048E236 /* MCSlideViewController.h */ = {isa = PBXFileReference; fileEncoding = 4; lastKnownFileType = sourcecode.c.h; path = MCSlideViewController.h; sourceTree = "<group>"; };
		38BF9D4A17393E1D0048E236 /* MCSlideViewController.m */ = {isa = PBXFileReference; fileEncoding = 4; lastKnownFileType = sourcecode.c.objc; path = MCSlideViewController.m; sourceTree = "<group>"; };
		38BF9D4F17393E540048E236 /* MCSlidePhotoView.h */ = {isa = PBXFileReference; fileEncoding = 4; lastKnownFileType = sourcecode.c.h; path = MCSlidePhotoView.h; sourceTree = "<group>"; };
		38BF9D5017393E540048E236 /* MCSlidePhotoView.m */ = {isa = PBXFileReference; fileEncoding = 4; lastKnownFileType = sourcecode.c.objc; path = MCSlidePhotoView.m; sourceTree = "<group>"; };
		38BF9D5217393E6B0048E236 /* MCSlideAudioView.h */ = {isa = PBXFileReference; fileEncoding = 4; lastKnownFileType = sourcecode.c.h; path = MCSlideAudioView.h; sourceTree = "<group>"; };
		38BF9D5317393E6B0048E236 /* MCSlideAudioView.m */ = {isa = PBXFileReference; fileEncoding = 4; lastKnownFileType = sourcecode.c.objc; path = MCSlideAudioView.m; sourceTree = "<group>"; };
		38BF9D5517393E790048E236 /* MCSlideVideoView.h */ = {isa = PBXFileReference; fileEncoding = 4; lastKnownFileType = sourcecode.c.h; path = MCSlideVideoView.h; sourceTree = "<group>"; };
		38BF9D5617393E790048E236 /* MCSlideVideoView.m */ = {isa = PBXFileReference; fileEncoding = 4; lastKnownFileType = sourcecode.c.objc; path = MCSlideVideoView.m; sourceTree = "<group>"; };
		38BF9D581739435D0048E236 /* MCSlideBaseView.h */ = {isa = PBXFileReference; fileEncoding = 4; lastKnownFileType = sourcecode.c.h; path = MCSlideBaseView.h; sourceTree = "<group>"; };
		38BF9D591739435D0048E236 /* MCSlideBaseView.m */ = {isa = PBXFileReference; fileEncoding = 4; lastKnownFileType = sourcecode.c.objc; path = MCSlideBaseView.m; sourceTree = "<group>"; };
		38BF9D5C173944110048E236 /* MCSlideViewTapDelegate.h */ = {isa = PBXFileReference; fileEncoding = 4; lastKnownFileType = sourcecode.c.h; path = MCSlideViewTapDelegate.h; sourceTree = "<group>"; };
		38BF9D5D1739457D0048E236 /* MCSlideDefines.h */ = {isa = PBXFileReference; fileEncoding = 4; lastKnownFileType = sourcecode.c.h; path = MCSlideDefines.h; sourceTree = "<group>"; };
		38BF9D5E1739457D0048E236 /* MCSlideDefines.m */ = {isa = PBXFileReference; fileEncoding = 4; lastKnownFileType = sourcecode.c.objc; path = MCSlideDefines.m; sourceTree = "<group>"; };
		38BF9D611739488F0048E236 /* MCSlideControlView.h */ = {isa = PBXFileReference; fileEncoding = 4; lastKnownFileType = sourcecode.c.h; path = MCSlideControlView.h; sourceTree = "<group>"; };
		38BF9D621739488F0048E236 /* MCSlideControlView.m */ = {isa = PBXFileReference; fileEncoding = 4; lastKnownFileType = sourcecode.c.objc; path = MCSlideControlView.m; sourceTree = "<group>"; };
		38BF9D64173948F60048E236 /* MCSlideControlDelegate.h */ = {isa = PBXFileReference; fileEncoding = 4; lastKnownFileType = sourcecode.c.h; path = MCSlideControlDelegate.h; sourceTree = "<group>"; };
		38BF9D6517394ED70048E236 /* MediaPlayer.framework */ = {isa = PBXFileReference; lastKnownFileType = wrapper.framework; name = MediaPlayer.framework; path = System/Library/Frameworks/MediaPlayer.framework; sourceTree = SDKROOT; };
		38BF9D6717394F010048E236 /* AVFoundation.framework */ = {isa = PBXFileReference; lastKnownFileType = wrapper.framework; name = AVFoundation.framework; path = System/Library/Frameworks/AVFoundation.framework; sourceTree = SDKROOT; };
		38BF9D69173950690048E236 /* MCSlidePagingView.h */ = {isa = PBXFileReference; fileEncoding = 4; lastKnownFileType = sourcecode.c.h; path = MCSlidePagingView.h; sourceTree = "<group>"; };
		38BF9D6A173950690048E236 /* MCSlidePagingView.m */ = {isa = PBXFileReference; fileEncoding = 4; lastKnownFileType = sourcecode.c.objc; path = MCSlidePagingView.m; sourceTree = "<group>"; };
		38BF9D6C173952CE0048E236 /* MCSlideMoviePlayerViewController.h */ = {isa = PBXFileReference; fileEncoding = 4; lastKnownFileType = sourcecode.c.h; path = MCSlideMoviePlayerViewController.h; sourceTree = "<group>"; };
		38BF9D6D173952CE0048E236 /* MCSlideMoviePlayerViewController.m */ = {isa = PBXFileReference; fileEncoding = 4; lastKnownFileType = sourcecode.c.objc; path = MCSlideMoviePlayerViewController.m; sourceTree = "<group>"; };
/* End PBXFileReference section */

/* Begin PBXFrameworksBuildPhase section */
		38BF9D1417393B320048E236 /* Frameworks */ = {
			isa = PBXFrameworksBuildPhase;
			buildActionMask = 2147483647;
			files = (
				38BF9D6817394F010048E236 /* AVFoundation.framework in Frameworks */,
				38BF9D6617394ED70048E236 /* MediaPlayer.framework in Frameworks */,
				38BF9D1B17393B320048E236 /* UIKit.framework in Frameworks */,
				38BF9D1D17393B320048E236 /* Foundation.framework in Frameworks */,
				38BF9D1F17393B320048E236 /* CoreGraphics.framework in Frameworks */,
			);
			runOnlyForDeploymentPostprocessing = 0;
		};
/* End PBXFrameworksBuildPhase section */

/* Begin PBXGroup section */
		38BF9D0E17393B320048E236 = {
			isa = PBXGroup;
			children = (
				38BF9D6717394F010048E236 /* AVFoundation.framework */,
				38BF9D6517394ED70048E236 /* MediaPlayer.framework */,
				38BF9D4617393E1D0048E236 /* MCSlideGallery */,
				38BF9D2017393B320048E236 /* Demo */,
				38BF9D1917393B320048E236 /* Frameworks */,
				38BF9D1817393B320048E236 /* Products */,
			);
			sourceTree = "<group>";
		};
		38BF9D1817393B320048E236 /* Products */ = {
			isa = PBXGroup;
			children = (
				38BF9D1717393B320048E236 /* MCSlideGallery Demo.app */,
			);
			name = Products;
			sourceTree = "<group>";
		};
		38BF9D1917393B320048E236 /* Frameworks */ = {
			isa = PBXGroup;
			children = (
				38BF9D1A17393B320048E236 /* UIKit.framework */,
				38BF9D1C17393B320048E236 /* Foundation.framework */,
				38BF9D1E17393B320048E236 /* CoreGraphics.framework */,
			);
			name = Frameworks;
			sourceTree = "<group>";
		};
		38BF9D2017393B320048E236 /* Demo */ = {
			isa = PBXGroup;
			children = (
				38BF9D2917393B320048E236 /* AppDelegate.h */,
				38BF9D2A17393B320048E236 /* AppDelegate.m */,
				38BF9D3217393B320048E236 /* ViewController.h */,
				38BF9D3317393B320048E236 /* ViewController.m */,
				38BF9D3517393B320048E236 /* ViewController.xib */,
				38BF9D2117393B320048E236 /* Supporting Files */,
			);
			name = Demo;
			path = "MCSlideGallery Demo";
			sourceTree = "<group>";
		};
		38BF9D2117393B320048E236 /* Supporting Files */ = {
			isa = PBXGroup;
			children = (
				38BF9D2217393B320048E236 /* MCSlideGallery Demo-Info.plist */,
				38BF9D2317393B320048E236 /* InfoPlist.strings */,
				38BF9D2617393B320048E236 /* main.m */,
				38BF9D2817393B320048E236 /* MCSlideGallery Demo-Prefix.pch */,
				38BF9D2C17393B320048E236 /* Default.png */,
				38BF9D2E17393B320048E236 /* Default@2x.png */,
				38BF9D3017393B320048E236 /* Default-568h@2x.png */,
			);
			name = "Supporting Files";
			sourceTree = "<group>";
		};
		38BF9D4617393E1D0048E236 /* MCSlideGallery */ = {
			isa = PBXGroup;
			children = (
				38BF9D60173948710048E236 /* Controls */,
				38BF9D5B173943FB0048E236 /* Delegates */,
				38BF9D4E17393E2A0048E236 /* Views */,
				38BF9D4D17393E220048E236 /* Models */,
				38BF9D4917393E1D0048E236 /* MCSlideViewController.h */,
				38BF9D4A17393E1D0048E236 /* MCSlideViewController.m */,
				38BF9D5D1739457D0048E236 /* MCSlideDefines.h */,
				38BF9D5E1739457D0048E236 /* MCSlideDefines.m */,
			);
			name = MCSlideGallery;
			path = ../MCSlideGallery;
			sourceTree = "<group>";
		};
		38BF9D4D17393E220048E236 /* Models */ = {
			isa = PBXGroup;
			children = (
				38BF9D4717393E1D0048E236 /* MCSlideMedia.h */,
				38BF9D4817393E1D0048E236 /* MCSlideMedia.m */,
			);
			name = Models;
			sourceTree = "<group>";
		};
		38BF9D4E17393E2A0048E236 /* Views */ = {
			isa = PBXGroup;
			children = (
				38BF9D4F17393E540048E236 /* MCSlidePhotoView.h */,
				38BF9D5017393E540048E236 /* MCSlidePhotoView.m */,
				38BF9D5217393E6B0048E236 /* MCSlideAudioView.h */,
				38BF9D5317393E6B0048E236 /* MCSlideAudioView.m */,
				38BF9D5517393E790048E236 /* MCSlideVideoView.h */,
				38BF9D5617393E790048E236 /* MCSlideVideoView.m */,
				38BF9D581739435D0048E236 /* MCSlideBaseView.h */,
				38BF9D591739435D0048E236 /* MCSlideBaseView.m */,
			);
			name = Views;
			sourceTree = "<group>";
		};
		38BF9D5B173943FB0048E236 /* Delegates */ = {
			isa = PBXGroup;
			children = (
				38BF9D5C173944110048E236 /* MCSlideViewTapDelegate.h */,
				38BF9D64173948F60048E236 /* MCSlideControlDelegate.h */,
			);
			name = Delegates;
			sourceTree = "<group>";
		};
		38BF9D60173948710048E236 /* Controls */ = {
			isa = PBXGroup;
			children = (
				38BF9D611739488F0048E236 /* MCSlideControlView.h */,
				38BF9D621739488F0048E236 /* MCSlideControlView.m */,
				38BF9D69173950690048E236 /* MCSlidePagingView.h */,
				38BF9D6A173950690048E236 /* MCSlidePagingView.m */,
				38BF9D6C173952CE0048E236 /* MCSlideMoviePlayerViewController.h */,
				38BF9D6D173952CE0048E236 /* MCSlideMoviePlayerViewController.m */,
			);
			name = Controls;
			sourceTree = "<group>";
		};
/* End PBXGroup section */

/* Begin PBXNativeTarget section */
		38BF9D1617393B320048E236 /* MCSlideGallery Demo */ = {
			isa = PBXNativeTarget;
			buildConfigurationList = 38BF9D3A17393B320048E236 /* Build configuration list for PBXNativeTarget "MCSlideGallery Demo" */;
			buildPhases = (
				38BF9D1317393B320048E236 /* Sources */,
				38BF9D1417393B320048E236 /* Frameworks */,
				38BF9D1517393B320048E236 /* Resources */,
			);
			buildRules = (
			);
			dependencies = (
			);
			name = "MCSlideGallery Demo";
			productName = "MCSlideGallery Demo";
			productReference = 38BF9D1717393B320048E236 /* MCSlideGallery Demo.app */;
			productType = "com.apple.product-type.application";
		};
/* End PBXNativeTarget section */

/* Begin PBXProject section */
		38BF9D0F17393B320048E236 /* Project object */ = {
			isa = PBXProject;
			attributes = {
				LastUpgradeCheck = 0460;
				ORGANIZATIONNAME = "Lanvige Jiang";
			};
			buildConfigurationList = 38BF9D1217393B320048E236 /* Build configuration list for PBXProject "MCSlideGallery Demo" */;
			compatibilityVersion = "Xcode 3.2";
			developmentRegion = English;
			hasScannedForEncodings = 0;
			knownRegions = (
				en,
			);
			mainGroup = 38BF9D0E17393B320048E236;
			productRefGroup = 38BF9D1817393B320048E236 /* Products */;
			projectDirPath = "";
			projectRoot = "";
			targets = (
				38BF9D1617393B320048E236 /* MCSlideGallery Demo */,
			);
		};
/* End PBXProject section */

/* Begin PBXResourcesBuildPhase section */
		38BF9D1517393B320048E236 /* Resources */ = {
			isa = PBXResourcesBuildPhase;
			buildActionMask = 2147483647;
			files = (
				38BF9D2517393B320048E236 /* InfoPlist.strings in Resources */,
				38BF9D2D17393B320048E236 /* Default.png in Resources */,
				38BF9D2F17393B320048E236 /* Default@2x.png in Resources */,
				38BF9D3117393B320048E236 /* Default-568h@2x.png in Resources */,
				38BF9D3717393B320048E236 /* ViewController.xib in Resources */,
			);
			runOnlyForDeploymentPostprocessing = 0;
		};
/* End PBXResourcesBuildPhase section */

/* Begin PBXSourcesBuildPhase section */
		38BF9D1317393B320048E236 /* Sources */ = {
			isa = PBXSourcesBuildPhase;
			buildActionMask = 2147483647;
			files = (
				38BF9D2717393B320048E236 /* main.m in Sources */,
				38BF9D2B17393B320048E236 /* AppDelegate.m in Sources */,
				38BF9D3417393B320048E236 /* ViewController.m in Sources */,
				38BF9D4B17393E1D0048E236 /* MCSlideMedia.m in Sources */,
				38BF9D4C17393E1D0048E236 /* MCSlideViewController.m in Sources */,
				38BF9D5117393E540048E236 /* MCSlidePhotoView.m in Sources */,
				38BF9D5417393E6B0048E236 /* MCSlideAudioView.m in Sources */,
				38BF9D5717393E790048E236 /* MCSlideVideoView.m in Sources */,
				38BF9D5A1739435D0048E236 /* MCSlideBaseView.m in Sources */,
				38BF9D5F1739457D0048E236 /* MCSlideDefines.m in Sources */,
				38BF9D631739488F0048E236 /* MCSlideControlView.m in Sources */,
				38BF9D6B173950690048E236 /* MCSlidePagingView.m in Sources */,
				38BF9D6E173952CE0048E236 /* MCSlideMoviePlayerViewController.m in Sources */,
			);
			runOnlyForDeploymentPostprocessing = 0;
		};
/* End PBXSourcesBuildPhase section */

/* Begin PBXVariantGroup section */
		38BF9D2317393B320048E236 /* InfoPlist.strings */ = {
			isa = PBXVariantGroup;
			children = (
				38BF9D2417393B320048E236 /* en */,
			);
			name = InfoPlist.strings;
			sourceTree = "<group>";
		};
		38BF9D3517393B320048E236 /* ViewController.xib */ = {
			isa = PBXVariantGroup;
			children = (
				38BF9D3617393B320048E236 /* en */,
			);
			name = ViewController.xib;
			sourceTree = "<group>";
		};
/* End PBXVariantGroup section */

/* Begin XCBuildConfiguration section */
		38BF9D3817393B320048E236 /* Debug */ = {
			isa = XCBuildConfiguration;
			buildSettings = {
				ALWAYS_SEARCH_USER_PATHS = NO;
				CLANG_CXX_LANGUAGE_STANDARD = "gnu++0x";
				CLANG_CXX_LIBRARY = "libc++";
				CLANG_ENABLE_OBJC_ARC = YES;
				CLANG_WARN_CONSTANT_CONVERSION = YES;
				CLANG_WARN_EMPTY_BODY = YES;
				CLANG_WARN_ENUM_CONVERSION = YES;
				CLANG_WARN_INT_CONVERSION = YES;
				CLANG_WARN__DUPLICATE_METHOD_MATCH = YES;
				"CODE_SIGN_IDENTITY[sdk=iphoneos*]" = "iPhone Developer";
				COPY_PHASE_STRIP = NO;
				GCC_C_LANGUAGE_STANDARD = gnu99;
				GCC_DYNAMIC_NO_PIC = NO;
				GCC_OPTIMIZATION_LEVEL = 0;
				GCC_PREPROCESSOR_DEFINITIONS = (
					"DEBUG=1",
					"$(inherited)",
				);
				GCC_SYMBOLS_PRIVATE_EXTERN = NO;
				GCC_WARN_ABOUT_RETURN_TYPE = YES;
				GCC_WARN_UNINITIALIZED_AUTOS = YES;
				GCC_WARN_UNUSED_VARIABLE = YES;
				IPHONEOS_DEPLOYMENT_TARGET = 6.1;
				ONLY_ACTIVE_ARCH = YES;
				SDKROOT = iphoneos;
			};
			name = Debug;
		};
		38BF9D3917393B320048E236 /* Release */ = {
			isa = XCBuildConfiguration;
			buildSettings = {
				ALWAYS_SEARCH_USER_PATHS = NO;
				CLANG_CXX_LANGUAGE_STANDARD = "gnu++0x";
				CLANG_CXX_LIBRARY = "libc++";
				CLANG_ENABLE_OBJC_ARC = YES;
				CLANG_WARN_CONSTANT_CONVERSION = YES;
				CLANG_WARN_EMPTY_BODY = YES;
				CLANG_WARN_ENUM_CONVERSION = YES;
				CLANG_WARN_INT_CONVERSION = YES;
				CLANG_WARN__DUPLICATE_METHOD_MATCH = YES;
				"CODE_SIGN_IDENTITY[sdk=iphoneos*]" = "iPhone Developer";
				COPY_PHASE_STRIP = YES;
				GCC_C_LANGUAGE_STANDARD = gnu99;
				GCC_WARN_ABOUT_RETURN_TYPE = YES;
				GCC_WARN_UNINITIALIZED_AUTOS = YES;
				GCC_WARN_UNUSED_VARIABLE = YES;
				IPHONEOS_DEPLOYMENT_TARGET = 6.1;
				OTHER_CFLAGS = "-DNS_BLOCK_ASSERTIONS=1";
				SDKROOT = iphoneos;
				VALIDATE_PRODUCT = YES;
			};
			name = Release;
		};
		38BF9D3B17393B320048E236 /* Debug */ = {
			isa = XCBuildConfiguration;
			buildSettings = {
				GCC_PRECOMPILE_PREFIX_HEADER = YES;
				GCC_PREFIX_HEADER = "MCSlideGallery Demo/MCSlideGallery Demo-Prefix.pch";
				INFOPLIST_FILE = "MCSlideGallery Demo/MCSlideGallery Demo-Info.plist";
				PRODUCT_NAME = "$(TARGET_NAME)";
				WRAPPER_EXTENSION = app;
			};
			name = Debug;
		};
		38BF9D3C17393B320048E236 /* Release */ = {
			isa = XCBuildConfiguration;
			buildSettings = {
				GCC_PRECOMPILE_PREFIX_HEADER = YES;
				GCC_PREFIX_HEADER = "MCSlideGallery Demo/MCSlideGallery Demo-Prefix.pch";
				INFOPLIST_FILE = "MCSlideGallery Demo/MCSlideGallery Demo-Info.plist";
				PRODUCT_NAME = "$(TARGET_NAME)";
				WRAPPER_EXTENSION = app;
			};
			name = Release;
		};
/* End XCBuildConfiguration section */

/* Begin XCConfigurationList section */
		38BF9D1217393B320048E236 /* Build configuration list for PBXProject "MCSlideGallery Demo" */ = {
			isa = XCConfigurationList;
			buildConfigurations = (
				38BF9D3817393B320048E236 /* Debug */,
				38BF9D3917393B320048E236 /* Release */,
			);
			defaultConfigurationIsVisible = 0;
			defaultConfigurationName = Release;
		};
		38BF9D3A17393B320048E236 /* Build configuration list for PBXNativeTarget "MCSlideGallery Demo" */ = {
			isa = XCConfigurationList;
			buildConfigurations = (
				38BF9D3B17393B320048E236 /* Debug */,
				38BF9D3C17393B320048E236 /* Release */,
			);
			defaultConfigurationIsVisible = 0;
		};
/* End XCConfigurationList section */
	};
	rootObject = 38BF9D0F17393B320048E236 /* Project object */;
}
